lockfileVersion: '9.0'

settings:
  autoInstallPeers: true
  excludeLinksFromLockfile: false

importers:

  .:
    dependencies:
      '@protomaps/basemaps':
        specifier: 5.7.2
        version: 5.7.2
    devDependencies:
      '@maplibre/maplibre-gl-style-spec':
        specifier: 26.4.1
        version: 26.4.1

packages:

  '@mapbox/jsonlint-lines-primitives@2.0.3':
    resolution: {integrity: sha512-0SElaV0uMxEnxzBhhX9WTuPyUeMsAN/SS0i16tjuba4/mio63MG9khjC1a0JAiPGXAwvwm4UfHJURCN7nyudQg==}
    engines: {node: '>= 22'}

  '@mapbox/unitbezier@1.0.0':
    resolution: {integrity: sha512-fqd515fjBmANKGGsQ286E2Wvj/XvDFpGzwJxq4CI6jMQue6Oy04uCKp+JWKF00xRTmk6cEu1jPJ9p3xqH8YWqQ==}

  '@maplibre/maplibre-gl-style-spec@26.4.1':
    resolution: {integrity: sha512-I/qcIKVFHFSg1Meu/eqHrkSTjIez0gCsSaK56TNPutM3TkE61aSq6F1cZ4Kg4KiNs3cpViLtubDjfyRcQCdEJQ==}
    hasBin: true

  '@protomaps/basemaps@5.7.2':
    resolution: {integrity: sha512-K1Yk6bWdULulYg+R2QRVXx4NzJZan5YQhpejEG0c1/sXruJrfPIPZuakpf3jwAgVmjIRVQwAv+yRafDeN0aaUQ==}
    hasBin: true

  json-stringify-pretty-compact@4.0.0:
    resolution: {integrity: sha512-3CNZ2DnrpByG9Nqj6Xo8vqbjT4F6N+tb4Gb28ESAZjYZ5yqvmc56J+/kuIwkaAMOyblTQhUW7PxMkUb8Q36N3Q==}

  minimist@1.2.8:
    resolution: {integrity: sha512-2yyAR8qBkN3YuheJanUpWC5U3bb5osDywNB8RzDVlDwDHbocAJveqqj1u8+SVD7jkWT4yvsHCpWqqWqAxb0zCA==}

  quickselect@3.0.0:
    resolution: {integrity: sha512-XdjUArbK4Bm5fLLvlm5KpTFOiOThgfWWI4axAZDWg4E/0mKdZyI9tNEfds27qCi1ze/vwTR16kvmmGhRra3c2g==}

  tinyqueue@3.0.0:
    resolution: {integrity: sha512-gRa9gwYU3ECmQYv3lslts5hxuIa90veaEcxDYuu3QGOIAEM2mOZkVHp48ANJuu1CURtRdHKUBY5Lm1tHV+sD4g==}

snapshots:

  '@mapbox/jsonlint-lines-primitives@2.0.3': {}

  '@mapbox/unitbezier@1.0.0': {}

  '@maplibre/maplibre-gl-style-spec@26.4.1':
    dependencies:
      '@mapbox/jsonlint-lines-primitives': 2.0.3
      '@mapbox/unitbezier': 1.0.0
      json-stringify-pretty-compact: 4.0.0
      minimist: 1.2.8
      quickselect: 3.0.0
      tinyqueue: 3.0.0

  '@protomaps/basemaps@5.7.2': {}

  json-stringify-pretty-compact@4.0.0: {}

  minimist@1.2.8: {}

  quickselect@3.0.0: {}

  tinyqueue@3.0.0: {}
